
Microsoft Visual Studio Solution File, Format Version 12.00
# Visual Studio Version 16
VisualStudioVersion = 16.0.28917.181
MinimumVisualStudioVersion = 10.0.40219.1
Project("{FAE04EC0-301F-11D3-BF4B-00C04F79EFBC}") = "DateConversion", "DateConversion\DateConversion.csproj", "{440BED68-BD0F-4F97-8D7A-637678233E64}"
EndProject
Project("{FAE04EC0-301F-11D3-BF4B-00C04F79EFBC}") = "Test", "Test\Test.csproj", "{CA66EBE1-6E8F-49BD-8905-34D27A086EBC}"
EndProject
Global
	GlobalSection(SolutionConfigurationPlatforms) = preSolution
		Debug|Any CPU = Debug|Any CPU
		Release|Any CPU = Release|Any CPU
	EndGlobalSection
	GlobalSection(ProjectConfigurationPlatforms) = postSolution
		{440BED68-BD0F-4F97-8D7A-637678233E64}.Debug|Any CPU.ActiveCfg = Debug|Any CPU
		{440BED68-BD0F-4F97-8D7A-637678233E64}.Debug|Any CPU.Build.0 = Debug|Any CPU
		{440BED68-BD0F-4F97-8D7A-637678233E64}.Release|Any CPU.ActiveCfg = Release|Any CPU
		{440BED68-BD0F-4F97-8D7A-637678233E64}.Release|Any CPU.Build.0 = Release|Any CPU
		{CA66EBE1-6E8F-49BD-8905-34D27A086EBC}.Debug|Any CPU.ActiveCfg = Debug|Any CPU
		{CA66EBE1-6E8F-49BD-8905-34D27A086EBC}.Debug|Any CPU.Build.0 = Debug|Any CPU
		{CA66EBE1-6E8F-49BD-8905-34D27A086EBC}.Release|Any CPU.ActiveCfg = Release|Any CPU
		{CA66EBE1-6E8F-49BD-8905-34D27A086EBC}.Release|Any CPU.Build.0 = Release|Any CPU
	EndGlobalSection
	GlobalSection(SolutionProperties) = preSolution
		HideSolutionNode = FALSE
	EndGlobalSection
	GlobalSection(ExtensibilityGlobals) = postSolution
		SolutionGuid = {2E2B0F81-E7BB-49E3-B165-F37793B317BE}
	EndGlobalSection
EndGlobal
